
Microsoft Visual Studio Solution File, Format Version 12.00
# Visual Studio Version 17
VisualStudioVersion = 17.13.35931.197
MinimumVisualStudioVersion = 10.0.40219.1
Project("{FAE04EC0-301F-11D3-BF4B-00C04F79EFBC}") = "EmailService_Clarity25.Console", "EmailService_Clarity.Console\EmailService_Clarity25.Console.csproj", "{E01297F3-5D48-4FB7-AC01-6DE0CC5B63B3}"
EndProject
Project("{FAE04EC0-301F-11D3-BF4B-00C04F79EFBC}") = "EmailService_Clarity25.API", "EmailService_Clarity.API\EmailService_Clarity25.API.csproj", "{2181E02C-70D9-48E8-926B-5FCAC2237123}"
EndProject
Project("{FAE04EC0-301F-11D3-BF4B-00C04F79EFBC}") = "EmailService_Clarity25.Library", "EmailService_Clarity25.Library\EmailService_Clarity25.Library.csproj", "{85824B9D-2D3A-4A92-B537-97AF34798230}"
EndProject
Project("{2150E333-8FDC-42A3-9474-1A3956D46DE8}") = "Solution Items", "Solution Items", "{8EC462FD-D22E-90A8-E5CE-7E832BA40C5D}"
	ProjectSection(SolutionItems) = preProject
		appsettings.json = appsettings.json
	EndProjectSection
EndProject
Global
	GlobalSection(SolutionConfigurationPlatforms) = preSolution
		Debug|Any CPU = Debug|Any CPU
		Release|Any CPU = Release|Any CPU
	EndGlobalSection
	GlobalSection(ProjectConfigurationPlatforms) = postSolution
		{E01297F3-5D48-4FB7-AC01-6DE0CC5B63B3}.Debug|Any CPU.ActiveCfg = Debug|Any CPU
		{E01297F3-5D48-4FB7-AC01-6DE0CC5B63B3}.Debug|Any CPU.Build.0 = Debug|Any CPU
		{E01297F3-5D48-4FB7-AC01-6DE0CC5B63B3}.Release|Any CPU.ActiveCfg = Release|Any CPU
		{E01297F3-5D48-4FB7-AC01-6DE0CC5B63B3}.Release|Any CPU.Build.0 = Release|Any CPU
		{2181E02C-70D9-48E8-926B-5FCAC2237123}.Debug|Any CPU.ActiveCfg = Debug|Any CPU
		{2181E02C-70D9-48E8-926B-5FCAC2237123}.Debug|Any CPU.Build.0 = Debug|Any CPU
		{2181E02C-70D9-48E8-926B-5FCAC2237123}.Release|Any CPU.ActiveCfg = Release|Any CPU
		{2181E02C-70D9-48E8-926B-5FCAC2237123}.Release|Any CPU.Build.0 = Release|Any CPU
		{85824B9D-2D3A-4A92-B537-97AF34798230}.Debug|Any CPU.ActiveCfg = Debug|Any CPU
		{85824B9D-2D3A-4A92-B537-97AF34798230}.Debug|Any CPU.Build.0 = Debug|Any CPU
		{85824B9D-2D3A-4A92-B537-97AF34798230}.Release|Any CPU.ActiveCfg = Release|Any CPU
		{85824B9D-2D3A-4A92-B537-97AF34798230}.Release|Any CPU.Build.0 = Release|Any CPU
	EndGlobalSection
	GlobalSection(SolutionProperties) = preSolution
		HideSolutionNode = FALSE
	EndGlobalSection
	GlobalSection(ExtensibilityGlobals) = postSolution
		SolutionGuid = {DD576B21-407E-4B91-8DCF-52FD739A5FAA}
	EndGlobalSection
EndGlobal
